
Microsoft Visual Studio Solution File, Format Version 12.00
# Visual Studio Version 17
VisualStudioVersion = 17.11.35327.3
MinimumVisualStudioVersion = 10.0.40219.1
Project("{FAE04EC0-301F-11D3-BF4B-00C04F79EFBC}") = "WpfApp3", "WpfApp3.csproj", "{165AFCEF-2B90-4BE8-BD7B-3C8D34606E14}"
EndProject
Global
	GlobalSection(SolutionConfigurationPlatforms) = preSolution
		Debug|Any CPU = Debug|Any CPU
		Release|Any CPU = Release|Any CPU
	EndGlobalSection
	GlobalSection(ProjectConfigurationPlatforms) = postSolution
		{165AFCEF-2B90-4BE8-BD7B-3C8D34606E14}.Debug|Any CPU.ActiveCfg = Debug|Any CPU
		{165AFCEF-2B90-4BE8-BD7B-3C8D34606E14}.Debug|Any CPU.Build.0 = Debug|Any CPU
		{165AFCEF-2B90-4BE8-BD7B-3C8D34606E14}.Release|Any CPU.ActiveCfg = Release|Any CPU
		{165AFCEF-2B90-4BE8-BD7B-3C8D34606E14}.Release|Any CPU.Build.0 = Release|Any CPU
	EndGlobalSection
	GlobalSection(SolutionProperties) = preSolution
		HideSolutionNode = FALSE
	EndGlobalSection
	GlobalSection(ExtensibilityGlobals) = postSolution
		SolutionGuid = {9F123B02-7CD2-4131-9488-018215CD8A24}
	EndGlobalSection
EndGlobal
